cloud.google.com/go v0.34.0/go.mod h1:aQUYkXzVsufM+DwF1aE+0xfcU+56JwCaLick0ClmMTw=
github.com/BurntSushi/toml v0.3.1 h1:WXkYYl6Yr3qBf1K79EBnL4mak0OimBfB0XUf9Vl28OQ=
github.com/BurntSushi/toml v0.3.1/go.mod h1:xHWCNGjB5oqiDr8zfno3MHue2Ht5sIBksp03qcyfWMU=
github.com/GeertJohan/yubigo v0.0.0-20190917122436-175bc097e60e h1:Bqtt5C+uVk+vH/t5dmB47uDCTwxw16EYHqvJnmY2aQc=
github.com/GeertJohan/yubigo v0.0.0-20190917122436-175bc097e60e/go.mod h1:njRCDrl+1RQ/A/+KVU8Ho2EWAxUSkohOWczdW3dzDG0=
github.com/RoaringBitmap/roaring v0.4.21 h1:WJ/zIlNX4wQZ9x8Ey33O1UaD9TCTakYsdLFSBcTwH+8=
github.com/RoaringBitmap/roaring v0.4.21/go.mod h1:D0gp8kJQgE1A4LQ5wFLggQEyvDi06Mq5mKs52e1TwOo=
github.com/armon/consul-api v0.0.0-20180202201655-eb2c6b5be1b6/go.mod h1:grANhF5doyWs3UAsr3K4I6qtAmlQcZDesFNEHPZAzj8=
github.com/blevesearch/bleve v1.0.7 h1:4PspZE7XABMSKcVpzAKp0E05Yer1PIYmTWk+1ngNr/c=
github.com/blevesearch/bleve v1.0.7/go.mod h1:3xvmBtaw12Y4C9iA1RTzwWCof5j5HjydjCTiDE2TeE0=
github.com/blevesearch/blevex v0.0.0-20190916190636-152f0fe5c040 h1:SjYVcfJVZoCfBlg+fkaq2eoZHTf5HaJfaTeTkOtyfHQ=
github.com/blevesearch/blevex v0.0.0-20190916190636-152f0fe5c040/go.mod h1:WH+MU2F4T0VmSdaPX+Wu5GYoZBrYWdOZWSjzvYcDmqQ=
github.com/blevesearch/go-porterstemmer v1.0.3 h1:GtmsqID0aZdCSNiY8SkuPJ12pD4jI+DdXTAn4YRcHCo=
github.com/blevesearch/go-porterstemmer v1.0.3/go.mod h1:angGc5Ht+k2xhJdZi511LtmxuEf0OVpvUUNrwmM1P7M=
github.com/blevesearch/mmap-go v1.0.2 h1:JtMHb+FgQCTTYIhtMvimw15dJwu1Y5lrZDMOFXVWPk0=
github.com/blevesearch/mmap-go v1.0.2/go.mod h1:ol2qBqYaOUsGdm7aRMRrYGgPvnwLe6Y+7LMvAB5IbSA=
github.com/blevesearch/segment v0.9.0 h1:5lG7yBCx98or7gK2cHMKPukPZ/31Kag7nONpoBt22Ac=
github.com/blevesearch/segment v0.9.0/go.mod h1:9PfHYUdQCgHktBgvtUOF4x+pc4/l8rdH0u5spnW85UQ=
github.com/blevesearch/snowballstem v0.9.0 h1:lMQ189YspGP6sXvZQ4WZ+MLawfV8wOmPoD/iWeNXm8s=
github.com/blevesearch/snowballstem v0.9.0/go.mod h1:PivSj3JMc8WuaFkTSRDW2SlrulNWPl4ABg1tC/hlgLs=
github.com/blevesearch/zap/v11 v11.0.7 h1:nnmAOP6eXBkqEa1Srq1eqA5Wmn4w+BZjLdjynNxvd+M=
github.com/blevesearch/zap/v11 v11.0.7/go.mod h1:bJoY56fdU2m/IP4LLz/1h4jY2thBoREvoqbuJ8zhm9k=
github.com/blevesearch/zap/v12 v12.0.7 h1:y8FWSAYkdc4p1dn4YLxNNr1dxXlSUsakJh2Fc/r6cj4=
github.com/blevesearch/zap/v12 v12.0.7/go.mod h1:70DNK4ZN4tb42LubeDbfpp6xnm8g3ROYVvvZ6pEoXD8=
github.com/boombuler/barcode v1.0.1-0.20190219062509-6c824513bacc h1:biVzkmvwrH8WK8raXaxBx6fRVTlJILwEwQGL1I/ByEI=
github.com/boombuler/barcode v1.0.1-0.20190219062509-6c824513bacc/go.mod h1:paBWMcWSl3LHKBqUq+rly7CNSldXjb2rDl3JlRe0mD8=
github.com/coreos/etcd v3.3.10+incompatible/go.mod h1:uF7uidLiAD3TWHmW31ZFd/JWoc32PjwdhPthX9715RE=
github.com/coreos/go-etcd v2.0.0+incompatible/go.mod h1:Jez6KQU2B/sWsbdaef3ED8NzMklzPG4d5KIOhIy30Tk=
github.com/coreos/go-semver v0.2.0/go.mod h1:nnelYz7RCh+5ahJtPPxZlU+153eP4D4r3EedlOD2RNk=
github.com/couchbase/ghistogram v0.1.0/go.mod h1:s1Jhy76zqfEecpNWJfWUiKZookAFaiGOEoyzgHt9i7k=
github.com/couchbase/moss v0.1.0/go.mod h1:9MaHIaRuy9pvLPUJxB8sh8OrLfyDczECVL37grCIubs=
github.com/couchbase/vellum v1.0.1 h1:qrj9ohvZedvc51S5KzPfJ6P6z0Vqzv7Lx7k3mVc2WOk=
github.com/couchbase/vellum v1.0.1/go.mod h1:FcwrEivFpNi24R3jLOs3n+fs5RnuQnQqCLBJ1uAg1W4=
github.com/cpuguy83/go-md2man v1.0.10/go.mod h1:SmD6nW6nTyfqj6ABTjUi3V3JVMnlJmwcJI5acqYI6dE=
github.com/cznic/b v0.0.0-20181122101859-a26611c4d92d h1:SwD98825d6bdB+pEuTxWOXiSjBrHdOl/UVp75eI7JT8=
github.com/cznic/b v0.0.0-20181122101859-a26611c4d92d/go.mod h1:URriBxXwVq5ijiJ12C7iIZqlA69nTlI+LgI6/pwftG8=
github.com/cznic/mathutil v0.0.0-20181122101859-297441e03548 h1:iwZdTE0PVqJCos1vaoKsclOGD3ADKpshg3SRtYBbwso=
github.com/cznic/mathutil v0.0.0-20181122101859-297441e03548/go.mod h1:e6NPNENfs9mPDVNRekM7lKScauxd5kXTr1Mfyig6TDM=
github.com/cznic/strutil v0.0.0-20181122101858-275e90344537 h1:MZRmHqDBd0vxNwenEbKSQqRVT24d3C05ft8kduSwlqM=
github.com/cznic/strutil v0.0.0-20181122101858-275e90344537/go.mod h1:AHHPPPXTw0h6pVabbcbyGRK1DckRn7r/STdZEeIDzZc=
github.com/davecgh/go-spew v1.1.0 h1:ZDRjVQ15GmhC3fiQ8ni8+OwkZQO4DARzQgrnXU1Liz8=
github.com/davecgh/go-spew v1.1.0/go.mod h1:J7Y8YcW2NihsgmVo/mv3lAwl/skON4iLHjSsI+c5H38=
github.com/davecgh/go-spew v1.1.1/go.mod h1:J7Y8YcW2NihsgmVo/mv3lAwl/skON4iLHjSsI+c5H38=
github.com/docopt/docopt-go v0.0.0-20180111231733-ee0de3bc6815 h1:bWDMxwH3px2JBh6AyO7hdCn/PkvCZXii8TGj7sbtEbQ=
github.com/docopt/docopt-go v0.0.0-20180111231733-ee0de3bc6815/go.mod h1:WwZ+bS3ebgob9U8Nd0kOddGdZWjyMGR8Wziv+TBNwSE=
github.com/facebookgo/ensure v0.0.0-20200202191622-63f1cf65ac4c h1:8ISkoahWXwZR41ois5lSJBSVw4D0OV19Ht/JSTzvSv0=
github.com/facebookgo/ensure v0.0.0-20200202191622-63f1cf65ac4c/go.mod h1:Yg+htXGokKKdzcwhuNDwVvN+uBxDGXJ7G/VN1d8fa64=
github.com/facebookgo/stack v0.0.0-20160209184415-751773369052 h1:JWuenKqqX8nojtoVVWjGfOF9635RETekkoH6Cc9SX0A=
github.com/facebookgo/stack v0.0.0-20160209184415-751773369052/go.mod h1:UbMTZqLaRiH3MsBH8va0n7s1pQYcu3uTb8G4tygF4Zg=
github.com/facebookgo/subset v0.0.0-20200203212716-c811ad88dec4 h1:7HZCaLC5+BZpmbhCOZJ293Lz68O7PYrF2EzeiFMwCLk=
github.com/facebookgo/subset v0.0.0-20200203212716-c811ad88dec4/go.mod h1:5tD+neXqOorC30/tWg0LCSkrqj/AR6gu8yY8/fpw1q0=
github.com/fsnotify/fsnotify v1.4.7 h1:IXs+QLmnXW2CcXuY+8Mzv/fWEsPGWxqefPtCP5CnV9I=
github.com/fsnotify/fsnotify v1.4.7/go.mod h1:jwhsz4b93w/PPRr/qN1Yymfu8t87LnFCMoQvtojpjFo=
github.com/glycerine/go-unsnap-stream v0.0.0-20181221182339-f9677308dec2 h1:Ujru1hufTHVb++eG6OuNDKMxZnGIvF6o/u8q/8h2+I4=
github.com/glycerine/go-unsnap-stream v0.0.0-20181221182339-f9677308dec2/go.mod h1:/20jfyN9Y5QPEAprSgKAUr+glWDY39ZiUEAYOEv5dsE=
github.com/glycerine/goconvey v0.0.0-20190410193231-58a59202ab31 h1:gclg6gY70GLy3PbkQ1AERPfmLMMagS60DKF78eWwLn8=
github.com/glycerine/goconvey v0.0.0-20190410193231-58a59202ab31/go.mod h1:Ogl1Tioa0aV7gstGFO7KhffUsb9M4ydbEbbxpcEDc24=
github.com/go-logr/logr v0.1.0 h1:M1Tv3VzNlEHg6uyACnRdtrploV2P7wZqH8BoQMtz0cg=
github.com/go-logr/logr v0.1.0/go.mod h1:ixOQHD9gLJUVQQ2ZOR7zLEifBX6tGkNJF4QyIY7sIas=
github.com/golang/protobuf v1.2.0/go.mod h1:6lQm79b+lXiMfvg/cZm0SGofjICqVBUtrP5yJMmIC1U=
github.com/golang/protobuf v1.3.2/go.mod h1:6lQm79b+lXiMfvg/cZm0SGofjICqVBUtrP5yJMmIC1U=
github.com/golang/snappy v0.0.0-20180518054509-2e65f85255db/go.mod h1:/XxbfmMg8lxefKM7IXC3fBNl/7bRcc72aCRzEWrmP2Q=
github.com/golang/snappy v0.0.1 h1:Qgr9rKW7uDUkrbSmQeiDsGa8SjGyCOGtuasMWwvp2P4=
github.com/golang/snappy v0.0.1/go.mod h1:/XxbfmMg8lxefKM7IXC3fBNl/7bRcc72aCRzEWrmP2Q=
github.com/google/uuid v1.1.1/go.mod h1:TIyPZe4MgqvfeYDBFedMoGGpEw/LqOeaOT+nhxU+yHo=
github.com/gopherjs/gopherjs v0.0.0-20190910122728-9d188e94fb99 h1:twflg0XRTjwKpxb/jFExr4HGq6on2dEOmnL6FV+fgPw=
github.com/gopherjs/gopherjs v0.0.0-20190910122728-9d188e94fb99/go.mod h1:wJfORRmW1u3UXTncJ5qlYoELFm8eSnnEO6hX4iZ3EWY=
github.com/hashicorp/hcl v1.0.0/go.mod h1:E5yfLk+7swimpb2L/Alb/PJmXilQ/rhwaUYs4T20WEQ=
github.com/hpcloud/tail v1.0.0/go.mod h1:ab1qPbhIpdTxEkNHXyeSf5vhxWSCs/tWer42PpOxQnU=
github.com/inconshreveable/mousetrap v1.0.0/go.mod h1:PxqpIevigyE2G7u3NXJIT2ANytuPF1OarO4DADm73n8=
github.com/jinzhu/copier v0.0.0-20190924061706-b57f9002281a h1:zPPuIq2jAWWPTrGt70eK/BSch+gFAGrNzecsoENgu2o=
github.com/jinzhu/copier v0.0.0-20190924061706-b57f9002281a/go.mod h1:yL958EeXv8Ylng6IfnvG4oflryUi3vgA3xPs9hmII1s=
github.com/jmhodges/levigo v1.0.0 h1:q5EC36kV79HWeTBWsod3mG11EgStG3qArTKcvlksN1U=
github.com/jmhodges/levigo v1.0.0/go.mod h1:Q6Qx+uH3RAqyK4rFQroq9RL7mdkABMcfhEI+nNuzMJQ=
github.com/jtolds/gls v4.20.0+incompatible/go.mod h1:QJZ7F/aHp+rZTRtaJ1ow/lLfFfVYBRgL+9YlvaHOwJU=
github.com/kljensen/snowball v0.6.0/go.mod h1:27N7E8fVU5H68RlUmnWwZCfxgt4POBJfENGMvNRhldw=
github.com/kr/pretty v0.2.0 h1:s5hAObm+yFO5uHYt5dYjxi2rXrsnmRpJx4OYvIWUaQs=
github.com/kr/pretty v0.2.0/go.mod h1:ipq/a2n7PKx3OHsz4KJII5eveXtPO4qwEXGdVfWzfnI=
github.com/kr/pty v1.1.1/go.mod h1:pFQYn66WHrOpPYNljwOMqo10TkYh1fy3cYio2l3bCsQ=
github.com/kr/text v0.1.0 h1:45sCR5RtlFHMR4UwH9sdQ5TC8v0qDQCHnXt+kaKSTVE=
github.com/kr/text v0.1.0/go.mod h1:4Jbv+DJW3UT/LiOwJeYQe1efqtUx/iVham/4vfdArNI=
github.com/magiconair/properties v1.8.0/go.mod h1:PppfXfuXeibc/6YijjN8zIbojt8czPbwD3XqdrwzmxQ=
github.com/mitchellh/go-homedir v1.1.0/go.mod h1:SfyaCUpYCn1Vlf4IUYiD9fPX4A5wJrkLzIz1N1q0pr0=
github.com/mitchellh/mapstructure v1.1.2/go.mod h1:FVVH3fgwuzCH5S8UJGiWEs2h04kUh9fWfEaFds41c1Y=
github.com/mschoch/smat v0.0.0-20160514031455-90eadee771ae/go.mod h1:qAyveg+e4CE+eKJXWVjKXM4ck2QobLqTDytGJbLLhJg=
github.com/mschoch/smat v0.2.0 h1:8imxQsjDm8yFEAVBe7azKmKSgzSkZXDuKkSq9374khM=
github.com/mschoch/smat v0.2.0/go.mod h1:kc9mz7DoBKqDyiRL7VZN8KvXQMWeTaVnttLRXOlotKw=
github.com/nmcclain/asn1-ber v0.0.0-20170104154839-2661553a0484 h1:D9EvfGQvlkKaDr2CRKN++7HbSXbefUNDrPq60T+g24s=
github.com/nmcclain/asn1-ber v0.0.0-20170104154839-2661553a0484/go.mod h1:O1EljZ+oHprtxDDPHiMWVo/5dBT6PlvWX5PSwj80aBA=
github.com/nmcclain/ldap v0.0.0-20191021200707-3b3b69a7e9e3 h1:NNis9uuNpG5h97Dvxxo53Scg02qBg+3Nfabg6zjFGu8=
github.com/nmcclain/ldap v0.0.0-20191021200707-3b3b69a7e9e3/go.mod h1:YtrVB1/v9Td9SyjXpjYVmbdKgj9B0nPTBsdGUxy0i8U=
github.com/onsi/ginkgo v1.6.0/go.mod h1:lLunBs/Ym6LB5Z9jYTR76FiuTmxDTDusOGeTQH+WWjE=
github.com/onsi/ginkgo v1.7.0/go.mod h1:lLunBs/Ym6LB5Z9jYTR76FiuTmxDTDusOGeTQH+WWjE=
github.com/onsi/gomega v1.4.3/go.mod h1:ex+gbHU/CVuBBDIJjb2X0qEXbFg53c61hWP/1CpauHY=
github.com/op/go-logging v0.0.0-20160315200505-970db520ece7 h1:lDH9UUVJtmYCjyT0CI4q8xvlXPxeZ0gYCVvWbmPlp88=
github.com/op/go-logging v0.0.0-20160315200505-970db520ece7/go.mod h1:HzydrMdWErDVzsI23lYNej1Htcns9BCg93Dk0bBINWk=
github.com/pelletier/go-toml v1.2.0/go.mod h1:5z9KED0ma1S8pY6P1sdut58dfprrGBbd/94hg7ilaic=
github.com/philhofer/fwd v1.0.0 h1:UbZqGr5Y38ApvM/V/jEljVxwocdweyH+vmYvRPBnbqQ=
github.com/philhofer/fwd v1.0.0/go.mod h1:gk3iGcWd9+svBvR0sR+KPcfE+RNWozjowpeBVG3ZVNU=
github.com/pmezard/go-difflib v1.0.0 h1:4DBwDE0NGyQoBHbLQYPwSUPoCMWR5BEzIk/f1lZbAQM=
github.com/pmezard/go-difflib v1.0.0/go.mod h1:iKH77koFhYxTK1pcRnkKkqfTogsbg7gZNVY4sRDYZ/4=
github.com/pquerna/otp v1.2.0 h1:/A3+Jn+cagqayeR3iHs/L62m5ue7710D35zl1zJ1kok=
github.com/pquerna/otp v1.2.0/go.mod h1:dkJfzwRKNiegxyNb54X/3fLwhCynbMspSyWKnvi1AEg=
github.com/rcrowley/go-metrics v0.0.0-20190826022208-cac0b30c2563/go.mod h1:bCqnVzQkZxMG4s8nGwiZ5l3QUCyqpo9Y+/ZMZ9VjZe4=
github.com/remyoudompheng/bigfft v0.0.0-20200410134404-eec4a21b6bb0 h1:OdAsTTz6OkFY5QxjkYwrChwuRruF69c169dPK26NUlk=
github.com/remyoudompheng/bigfft v0.0.0-20200410134404-eec4a21b6bb0/go.mod h1:qqbHyh8v60DhA7CoWK5oRCqLrMHRGoxYCSS9EjAz6Eo=
github.com/russross/blackfriday v1.5.2/go.mod h1:JO/DiYxRf+HjHt06OyowR9PTA263kcR/rfWxYHBV53g=
github.com/spf13/afero v1.1.2/go.mod h1:j4pytiNVoe2o6bmDsKpLACNPDBIoEAkihy7loJ1B0CQ=
github.com/spf13/cast v1.3.0/go.mod h1:Qx5cxh0v+4UWYiBimWS+eyWzqEqokIECu5etghLkUJE=
github.com/spf13/cobra v0.0.5/go.mod h1:3K3wKZymM7VvHMDS9+Akkh4K60UwM26emMESw8tLCHU=
github.com/spf13/jwalterweatherman v1.0.0/go.mod h1:cQK4TGJAtQXfYWX+Ddv3mKDzgVb68N+wFjFa4jdeBTo=
github.com/spf13/pflag v1.0.3/go.mod h1:DYY7MBk1bdzusC3SYhjObp+wFpr4gzcvqqNjLnInEg4=
github.com/spf13/viper v1.3.2/go.mod h1:ZiWeW+zYFKm7srdB9IoDzzZXaJaI5eL9QjNiN/DMA2s=
github.com/steveyen/gtreap v0.1.0 h1:CjhzTa274PyJLJuMZwIzCO1PfC00oRa8d1Kc78bFXJM=
github.com/steveyen/gtreap v0.1.0/go.mod h1:kl/5J7XbrOmlIbYIXdRHDDE5QxHqpk0cmkT7Z4dM9/Y=
github.com/stretchr/objx v0.1.0/go.mod h1:HFkY916IF+rwdDfMAkV7OtwuqBVzrE8GR6GFx+wExME=
github.com/stretchr/testify v1.2.2/go.mod h1:a8OnRcib4nhh0OaRAV+Yts87kKdq0PP7pXfy6kDkUVs=
github.com/stretchr/testify v1.3.0 h1:TivCn/peBQ7UY8ooIcPgZFpTNSz0Q2U6UrFlUfqbe0Q=
github.com/stretchr/testify v1.3.0/go.mod h1:M5WIy9Dh21IEIfnGCwXGc5bZfKNJtfHm1UVUgZn+9EI=
github.com/stretchr/testify v1.4.0/go.mod h1:j7eGeouHqKxXV5pUuKE4zz7dFj8WfuZ+81PSLYec5m4=
github.com/syndtr/goleveldb v1.0.0 h1:fBdIW9lB4Iz0n9khmH8w27SJ3QEJ7+IgjPEwGSZiFdE=
github.com/syndtr/goleveldb v1.0.0/go.mod h1:ZVVdQEZoIme9iO1Ch2Jdy24qqXrMMOU6lpPAyBWyWuQ=
github.com/tecbot/gorocksdb v0.0.0-20191217155057-f0fad39f321c h1:g+WoO5jjkqGAzHWCjJB1zZfXPIAaDpzXIEJ0eS6B5Ok=
github.com/tecbot/gorocksdb v0.0.0-20191217155057-f0fad39f321c/go.mod h1:ahpPrc7HpcfEWDQRZEmnXMzHY03mLDYMCxeDzy46i+8=
github.com/tinylib/msgp v1.1.0 h1:9fQd+ICuRIu/ue4vxJZu6/LzxN0HwMds2nq/0cFvxHU=
github.com/tinylib/msgp v1.1.0/go.mod h1:+d+yLhGm8mzTaHzB+wgMYrodPfmZrzkirds8fDWklFE=
github.com/tredoe/goutil v0.0.0-20161130132832-0a73aea41b0b/go.mod h1:dp4VPOLeEFYbsf1ikgd+uytWDnpCdMiTHMg6mh7hHuQ=
github.com/tredoe/osutil v1.0.4 h1:15tjffX03Z1tDrgoRupXgxqWX6qLpihCkt2NsSLjUYk=
github.com/tredoe/osutil v1.0.4/go.mod h1:w7hqLjZRokyWIpiEXWj6pXIHOg/2tSWSBsoYfdc9bjw=
github.com/ugorji/go/codec v0.0.0-20181204163529-d75b2dcb6bc8/go.mod h1:VFNgLljTbGfSG7qAOspJ7OScBnGdDN/yBr0sguwnwf0=
github.com/willf/bitset v1.1.10 h1:NotGKqX0KwQ72NUzqrjZq5ipPNDQex9lo3WpaS8L2sc=
github.com/willf/bitset v1.1.10/go.mod h1:RjeCKbqT1RxIR/KWY6phxZiaY1IyutSBfGjNPySAYV4=
github.com/xordataexchange/crypt v0.0.3-0.20170626215501-b2862e3d0a77/go.mod h1:aYKd//L2LvnjZzWKhF00oedf4jCCReLcmhLdhm1A27Q=
github.com/yaegashi/msgraph.go v0.1.1-0.20200221123608-2d438cf2a7cc h1:ejaC8rvIvCWmsaFrvmGOxhBuMxxhBB1xRshuM98XQ7M=
github.com/yaegashi/msgraph.go v0.1.1-0.20200221123608-2d438cf2a7cc/go.mod h1:tso14hwzqX4VbnWTNsxiL0DvMb2OwbGISFA7jDibdWc=
go.etcd.io/bbolt v1.3.4 h1:hi1bXHMVrlQh6WwxAy+qZCV/SYIlqo+Ushwdpa4tAKg=
go.etcd.io/bbolt v1.3.4/go.mod h1:G5EMThwa9y8QZGBClrRx5EY+Yw9kAhnjy3bSjsnlVTQ=
golang.org/x/crypto v0.0.0-20181203042331-505ab145d0a9 h1:mKdxBk7AujPs8kU4m80U72y/zjbZ3UcXC7dClwKbUI0=
golang.org/x/crypto v0.0.0-20181203042331-505ab145d0a9/go.mod h1:6SG95UA2DQfeDnfUPMdvaQW0Q7yPrPDi9nlGo2tz2b4=
golang.org/x/net v0.0.0-20180724234803-3673e40ba225/go.mod h1:mL1N/T3taQHkDXs73rZJwtUhF3w3ftmwwsq0BUmARs4=
golang.org/x/net v0.0.0-20180906233101-161cd47e91fd/go.mod h1:mL1N/T3taQHkDXs73rZJwtUhF3w3ftmwwsq0BUmARs4=
golang.org/x/net v0.0.0-20190108225652-1e06a53dbb7e h1:bRhVy7zSSasaqNksaRZiA5EEI+Ei4I1nO5Jh72wfHlg=
golang.org/x/net v0.0.0-20190108225652-1e06a53dbb7e/go.mod h1:mL1N/T3taQHkDXs73rZJwtUhF3w3ftmwwsq0BUmARs4=
golang.org/x/oauth2 v0.0.0-20190604053449-0f29369cfe45 h1:SVwTIAaPC2U/AvvLNZ2a7OVsmBpC8L5BlwK1whH3hm0=
golang.org/x/oauth2 v0.0.0-20190604053449-0f29369cfe45/go.mod h1:gOpvHmFTYa4IltrdGE7lF6nIHvwfUNPOp7c8zoXwtLw=
golang.org/x/sync v0.0.0-20180314180146-1d60e4601c6f/go.mod h1:RxMgew5VJxzue5/jJTE5uejpjVlOe/izrB70Jof72aM=
golang.org/x/sync v0.0.0-20181221193216-37e7f081c4d4/go.mod h1:RxMgew5VJxzue5/jJTE5uejpjVlOe/izrB70Jof72aM=
golang.org/x/sys v0.0.0-20180909124046-d0be0721c37e/go.mod h1:STP8DvDyc/dI5b8T5hshtkjS+E42TnysNCUPdjciGhY=
golang.org/x/sys v0.0.0-20181205085412-a5c9d58dba9a/go.mod h1:STP8DvDyc/dI5b8T5hshtkjS+E42TnysNCUPdjciGhY=
golang.org/x/sys v0.0.0-20181221143128-b4a75ba826a6/go.mod h1:STP8DvDyc/dI5b8T5hshtkjS+E42TnysNCUPdjciGhY=
golang.org/x/sys v0.0.0-20190813064441-fde4db37ae7a/go.mod h1:h1NjWce9XRLGQEsW7wpKNCjG9DtNlClVuFLEZdDNbEs=
golang.org/x/sys v0.0.0-20200202164722-d101bd2416d5/go.mod h1:h1NjWce9XRLGQEsW7wpKNCjG9DtNlClVuFLEZdDNbEs=
golang.org/x/sys v0.0.0-20200219091948-cb0a6d8edb6c h1:jceGD5YNJGgGMkJz79agzOln1K9TaZUjv5ird16qniQ=
golang.org/x/sys v0.0.0-20200219091948-cb0a6d8edb6c/go.mod h1:h1NjWce9XRLGQEsW7wpKNCjG9DtNlClVuFLEZdDNbEs=
golang.org/x/text v0.3.0/go.mod h1:NqM8EUOU14njkJ3fqMW+pc6Ldnwhi/IjpwHt7yyuwOQ=
google.golang.org/appengine v1.4.0/go.mod h1:xpcJRLb0r/rnEns0DIKYYv+WjYCduHsrkT7/EB5XEv4=
gopkg.in/amz.v1 v1.0.0-20150111123259-ad23e96a31d2 h1:FMrsB0OTjHsPDA1NM7AhRmmZzkBPu3iGdxK/5MFfBmk=
gopkg.in/amz.v1 v1.0.0-20150111123259-ad23e96a31d2/go.mod h1:F0YaN4yi2XekmElKkPYfybh7pReQE9Ph48lSgeCkzyc=
gopkg.in/check.v1 v0.0.0-20161208181325-20d25e280405/go.mod h1:Co6ibVJAznAaIkqp8huTwlJQCZ016jof/cbN4VW5Yz0=
gopkg.in/check.v1 v1.0.0-20190902080502-41f04d3bba15 h1:YR8cESwS4TdDjEe65xsg0ogRM/Nc3DYOhEAlW+xobZo=
gopkg.in/check.v1 v1.0.0-20190902080502-41f04d3bba15/go.mod h1:Co6ibVJAznAaIkqp8huTwlJQCZ016jof/cbN4VW5Yz0=
gopkg.in/fsnotify.v1 v1.4.7/go.mod h1:Tz8NjZHkW78fSQdbUxIjBTcgA1z1m8ZHf0WmKUhAMys=
gopkg.in/square/go-jose.v2 v2.5.1 h1:7odma5RETjNHWJnR32wx8t+Io4djHE1PqxCFx3iiZ2w=
gopkg.in/square/go-jose.v2 v2.5.1/go.mod h1:M9dMgbHiYLoDGQrXy7OpJDJWiKiU//h+vD76mk0e1AI=
gopkg.in/tomb.v1 v1.0.0-20141024135613-dd632973f1e7/go.mod h1:dt/ZhP58zS4L8KSrWDmTeBkI65Dw0HsyUHuEVlX15mw=
gopkg.in/yaml.v2 v2.2.1/go.mod h1:hI93XBmqTisBFMUTm0b8Fm+jr3Dg1NNxqwp+5A1VGuI=
gopkg.in/yaml.v2 v2.2.2/go.mod h1:hI93XBmqTisBFMUTm0b8Fm+jr3Dg1NNxqwp+5A1VGuI=
